{
  "version": 4,
  "terraform_version": "1.3.6",
  "serial": 29,
  "lineage": "4aeab7be-5908-5bc0-6104-47087d6932a5",
  "outputs": {
    "database_password": {
      "value": "AVNS_VlEmMA8cwzrL-Ht2_R-",
      "type": "string",
      "sensitive": true
    },
    "database_username": {
      "value": "wordpress",
      "type": "string"
    },
    "lb_ip": {
      "value": "174.138.126.84",
      "type": "string"
    }
  },
  "resources": [
    {
      "mode": "managed",
      "type": "digitalocean_database_cluster",
      "name": "wp_mysql",
      "provider": "provider[\"registry.terraform.io/digitalocean/digitalocean\"]",
      "instances": [
        {
          "schema_version": 0,
          "attributes": {
            "database": "defaultdb",
            "engine": "mysql",
            "eviction_policy": null,
            "host": "wp-mysql-do-user-12930773-0.b.db.ondigitalocean.com",
            "id": "599301f8-4472-489b-a5fa-7d2eb2366bc5",
            "maintenance_window": [],
            "name": "wp-mysql",
            "node_count": 1,
            "password": "AVNS_NTrGpYYwU7hSXYsIY30",
            "port": 25060,
            "private_host": "private-wp-mysql-do-user-12930773-0.b.db.ondigitalocean.com",
            "private_network_uuid": "d07b6fd6-5e76-46f9-81ff-977dc1924aaa",
            "private_uri": "mysql://doadmin:AVNS_NTrGpYYwU7hSXYsIY30@private-wp-mysql-do-user-12930773-0.b.db.ondigitalocean.com:25060/defaultdb?ssl-mode=REQUIRED",
            "region": "nyc1",
            "size": "db-s-1vcpu-1gb",
            "sql_mode": null,
            "tags": null,
            "uri": "mysql://doadmin:AVNS_NTrGpYYwU7hSXYsIY30@wp-mysql-do-user-12930773-0.b.db.ondigitalocean.com:25060/defaultdb?ssl-mode=REQUIRED",
            "urn": "do:dbaas:599301f8-4472-489b-a5fa-7d2eb2366bc5",
            "user": "doadmin",
            "version": "8"
          },
          "sensitive_attributes": [],
          "private": "bnVsbA==",
          "dependencies": [
            "digitalocean_vpc.wp_net"
          ]
        }
      ]
    },
    {
      "mode": "managed",
      "type": "digitalocean_database_db",
      "name": "wp_database",
      "provider": "provider[\"registry.terraform.io/digitalocean/digitalocean\"]",
      "instances": [
        {
          "schema_version": 0,
          "attributes": {
            "cluster_id": "599301f8-4472-489b-a5fa-7d2eb2366bc5",
            "id": "599301f8-4472-489b-a5fa-7d2eb2366bc5/database/wp-database",
            "name": "wp-database"
          },
          "sensitive_attributes": [],
          "private": "bnVsbA==",
          "dependencies": [
            "digitalocean_database_cluster.wp_mysql",
            "digitalocean_vpc.wp_net"
          ]
        }
      ]
    },
    {
      "mode": "managed",
      "type": "digitalocean_database_user",
      "name": "wp_database_user",
      "provider": "provider[\"registry.terraform.io/digitalocean/digitalocean\"]",
      "instances": [
        {
          "schema_version": 0,
          "attributes": {
            "cluster_id": "599301f8-4472-489b-a5fa-7d2eb2366bc5",
            "id": "599301f8-4472-489b-a5fa-7d2eb2366bc5/user/wordpress",
            "mysql_auth_plugin": "caching_sha2_password",
            "name": "wordpress",
            "password": "AVNS_VlEmMA8cwzrL-Ht2_R-",
            "role": "normal"
          },
          "sensitive_attributes": [],
          "private": "bnVsbA==",
          "dependencies": [
            "digitalocean_database_cluster.wp_mysql",
            "digitalocean_vpc.wp_net"
          ]
        }
      ]
    },
    {
      "mode": "managed",
      "type": "digitalocean_droplet",
      "name": "vm_nfs",
      "provider": "provider[\"registry.terraform.io/digitalocean/digitalocean\"]",
      "instances": [
        {
          "schema_version": 1,
          "attributes": {
            "backups": false,
            "created_at": "2023-01-14T00:54:09Z",
            "disk": 60,
            "id": "335725944",
            "image": "ubuntu-22-04-x64",
            "ipv4_address": "67.205.150.232",
            "ipv4_address_private": "10.116.16.3",
            "ipv6": false,
            "ipv6_address": "",
            "locked": false,
            "memory": 2048,
            "monitoring": false,
            "name": "vm-nfs",
            "price_hourly": 0.02679,
            "price_monthly": 18,
            "private_networking": true,
            "region": "nyc1",
            "resize_disk": true,
            "size": "s-2vcpu-2gb",
            "ssh_keys": null,
            "status": "active",
            "tags": null,
            "urn": "do:droplet:335725944",
            "user_data": null,
            "vcpus": 2,
            "volume_ids": [],
            "vpc_uuid": "d07b6fd6-5e76-46f9-81ff-977dc1924aaa"
          },
          "sensitive_attributes": [],
          "private": "eyJzY2hlbWFfdmVyc2lvbiI6IjEifQ==",
          "dependencies": [
            "digitalocean_vpc.wp_net"
          ]
        }
      ]
    },
    {
      "mode": "managed",
      "type": "digitalocean_droplet",
      "name": "vm_wp_01",
      "provider": "provider[\"registry.terraform.io/digitalocean/digitalocean\"]",
      "instances": [
        {
          "schema_version": 1,
          "attributes": {
            "backups": false,
            "created_at": "2023-01-14T00:54:09Z",
            "disk": 60,
            "id": "335725945",
            "image": "ubuntu-22-04-x64",
            "ipv4_address": "67.205.157.120",
            "ipv4_address_private": "10.116.16.4",
            "ipv6": false,
            "ipv6_address": "",
            "locked": false,
            "memory": 2048,
            "monitoring": false,
            "name": "vm-wp-01",
            "price_hourly": 0.02679,
            "price_monthly": 18,
            "private_networking": true,
            "region": "nyc1",
            "resize_disk": true,
            "size": "s-2vcpu-2gb",
            "ssh_keys": null,
            "status": "active",
            "tags": null,
            "urn": "do:droplet:335725945",
            "user_data": null,
            "vcpus": 2,
            "volume_ids": [],
            "vpc_uuid": "d07b6fd6-5e76-46f9-81ff-977dc1924aaa"
          },
          "sensitive_attributes": [],
          "private": "eyJzY2hlbWFfdmVyc2lvbiI6IjEifQ==",
          "dependencies": [
            "digitalocean_vpc.wp_net"
          ]
        }
      ]
    },
    {
      "mode": "managed",
      "type": "digitalocean_droplet",
      "name": "vm_wp_02",
      "provider": "provider[\"registry.terraform.io/digitalocean/digitalocean\"]",
      "instances": [
        {
          "schema_version": 1,
          "attributes": {
            "backups": false,
            "created_at": "2023-01-14T00:54:08Z",
            "disk": 60,
            "id": "335725943",
            "image": "ubuntu-22-04-x64",
            "ipv4_address": "159.89.81.238",
            "ipv4_address_private": "10.116.16.2",
            "ipv6": false,
            "ipv6_address": "",
            "locked": false,
            "memory": 2048,
            "monitoring": false,
            "name": "vm-wp-02",
            "price_hourly": 0.02679,
            "price_monthly": 18,
            "private_networking": true,
            "region": "nyc1",
            "resize_disk": true,
            "size": "s-2vcpu-2gb",
            "ssh_keys": null,
            "status": "active",
            "tags": null,
            "urn": "do:droplet:335725943",
            "user_data": null,
            "vcpus": 2,
            "volume_ids": [],
            "vpc_uuid": "d07b6fd6-5e76-46f9-81ff-977dc1924aaa"
          },
          "sensitive_attributes": [],
          "private": "eyJzY2hlbWFfdmVyc2lvbiI6IjEifQ==",
          "dependencies": [
            "digitalocean_vpc.wp_net"
          ]
        }
      ]
    },
    {
      "mode": "managed",
      "type": "digitalocean_loadbalancer",
      "name": "wp_lb",
      "provider": "provider[\"registry.terraform.io/digitalocean/digitalocean\"]",
      "instances": [
        {
          "schema_version": 1,
          "attributes": {
            "algorithm": "round_robin",
            "droplet_ids": [
              335725943,
              335725945
            ],
            "droplet_tag": "",
            "enable_backend_keepalive": false,
            "enable_proxy_protocol": false,
            "forwarding_rule": [
              {
                "certificate_id": "",
                "certificate_name": "",
                "entry_port": 80,
                "entry_protocol": "http",
                "target_port": 80,
                "target_protocol": "http",
                "tls_passthrough": false
              }
            ],
            "healthcheck": [
              {
                "check_interval_seconds": 10,
                "healthy_threshold": 5,
                "path": "/",
                "port": 80,
                "protocol": "http",
                "response_timeout_seconds": 5,
                "unhealthy_threshold": 3
              }
            ],
            "id": "ed440317-0f30-4073-b118-7fdfc48b39ae",
            "ip": "174.138.126.84",
            "name": "wp-lb",
            "redirect_http_to_https": false,
            "region": "nyc1",
            "status": "active",
            "sticky_sessions": [
              {
                "cookie_name": "",
                "cookie_ttl_seconds": 0,
                "type": "none"
              }
            ],
            "urn": "do:loadbalancer:ed440317-0f30-4073-b118-7fdfc48b39ae",
            "vpc_uuid": "d07b6fd6-5e76-46f9-81ff-977dc1924aaa"
          },
          "sensitive_attributes": [],
          "private": "eyJzY2hlbWFfdmVyc2lvbiI6IjEifQ==",
          "dependencies": [
            "digitalocean_droplet.vm_wp_01",
            "digitalocean_droplet.vm_wp_02",
            "digitalocean_vpc.wp_net"
          ]
        }
      ]
    },
    {
      "mode": "managed",
      "type": "digitalocean_vpc",
      "name": "wp_net",
      "provider": "provider[\"registry.terraform.io/digitalocean/digitalocean\"]",
      "instances": [
        {
          "schema_version": 0,
          "attributes": {
            "created_at": "2023-01-14 00:54:08 +0000 UTC",
            "default": false,
            "description": "",
            "id": "d07b6fd6-5e76-46f9-81ff-977dc1924aaa",
            "ip_range": "10.116.16.0/20",
            "name": "wp-network",
            "region": "nyc1",
            "timeouts": {
              "delete": "30m"
            },
            "urn": "do:vpc:d07b6fd6-5e76-46f9-81ff-977dc1924aaa"
          },
          "sensitive_attributes": [],
          "private": "eyJlMmJmYjczMC1lY2FhLTExZTYtOGY4OC0zNDM2M2JjN2M0YzAiOnsiZGVsZXRlIjoxODAwMDAwMDAwMDAwfX0="
        }
      ]
    }
  ],
  "check_results": null
}
