{
  "version": 4,
  "terraform_version": "1.3.6",
  "serial": 47,
  "lineage": "32c81d79-11e1-2ba4-9975-dc5fcca0f803",
  "outputs": {},
  "resources": [
    {
      "module": "module.wordpress-backup-module",
      "mode": "managed",
      "type": "digitalocean_database_cluster",
      "name": "wp_mysql",
      "provider": "provider[\"registry.terraform.io/digitalocean/digitalocean\"]",
      "instances": [
        {
          "schema_version": 0,
          "attributes": {
            "database": "defaultdb",
            "engine": "mysql",
            "eviction_policy": null,
            "host": "backup-cluster-do-user-12930773-0.b.db.ondigitalocean.com",
            "id": "5f52b07d-8343-48c0-aabb-df0af6620f21",
            "maintenance_window": [],
            "name": "backup-cluster",
            "node_count": 1,
            "password": "AVNS_Mi09kBieABf-dFQlEmz",
            "port": 25060,
            "private_host": "private-backup-cluster-do-user-12930773-0.b.db.ondigitalocean.com",
            "private_network_uuid": "83df2d69-6935-428e-b09c-d3fd12eba740",
            "private_uri": "mysql://doadmin:AVNS_Mi09kBieABf-dFQlEmz@private-backup-cluster-do-user-12930773-0.b.db.ondigitalocean.com:25060/defaultdb?ssl-mode=REQUIRED",
            "region": "nyc3",
            "size": "db-s-1vcpu-1gb",
            "sql_mode": null,
            "tags": null,
            "uri": "mysql://doadmin:AVNS_Mi09kBieABf-dFQlEmz@backup-cluster-do-user-12930773-0.b.db.ondigitalocean.com:25060/defaultdb?ssl-mode=REQUIRED",
            "urn": "do:dbaas:5f52b07d-8343-48c0-aabb-df0af6620f21",
            "user": "doadmin",
            "version": "8"
          },
          "sensitive_attributes": [],
          "private": "bnVsbA==",
          "dependencies": [
            "module.wordpress-backup-module.digitalocean_vpc.wp_net"
          ]
        }
      ]
    },
    {
      "module": "module.wordpress-backup-module",
      "mode": "managed",
      "type": "digitalocean_database_db",
      "name": "wp_database",
      "provider": "provider[\"registry.terraform.io/digitalocean/digitalocean\"]",
      "instances": [
        {
          "schema_version": 0,
          "attributes": {
            "cluster_id": "5f52b07d-8343-48c0-aabb-df0af6620f21",
            "id": "5f52b07d-8343-48c0-aabb-df0af6620f21/database/backup-database",
            "name": "backup-database"
          },
          "sensitive_attributes": [],
          "private": "bnVsbA==",
          "dependencies": [
            "module.wordpress-backup-module.digitalocean_database_cluster.wp_mysql",
            "module.wordpress-backup-module.digitalocean_vpc.wp_net"
          ]
        }
      ]
    },
    {
      "module": "module.wordpress-backup-module",
      "mode": "managed",
      "type": "digitalocean_database_user",
      "name": "wp_database_user",
      "provider": "provider[\"registry.terraform.io/digitalocean/digitalocean\"]",
      "instances": [
        {
          "schema_version": 0,
          "attributes": {
            "cluster_id": "5f52b07d-8343-48c0-aabb-df0af6620f21",
            "id": "5f52b07d-8343-48c0-aabb-df0af6620f21/user/backup-user",
            "mysql_auth_plugin": "caching_sha2_password",
            "name": "backup-user",
            "password": "AVNS_q2mwQe3x36rMqnqBDcl",
            "role": "normal"
          },
          "sensitive_attributes": [],
          "private": "bnVsbA==",
          "dependencies": [
            "module.wordpress-backup-module.digitalocean_database_cluster.wp_mysql",
            "module.wordpress-backup-module.digitalocean_vpc.wp_net"
          ]
        }
      ]
    },
    {
      "module": "module.wordpress-backup-module",
      "mode": "managed",
      "type": "digitalocean_droplet",
      "name": "vm_nfs",
      "provider": "provider[\"registry.terraform.io/digitalocean/digitalocean\"]",
      "instances": [
        {
          "schema_version": 1,
          "attributes": {
            "backups": false,
            "created_at": "2023-01-14T02:30:58Z",
            "disk": 60,
            "id": "335734844",
            "image": "ubuntu-22-04-x64",
            "ipv4_address": "167.99.116.163",
            "ipv4_address_private": "10.108.16.2",
            "ipv6": false,
            "ipv6_address": "",
            "locked": false,
            "memory": 2048,
            "monitoring": false,
            "name": "nfs-backup",
            "price_hourly": 0.02679,
            "price_monthly": 18,
            "private_networking": true,
            "region": "nyc3",
            "resize_disk": true,
            "size": "s-2vcpu-2gb",
            "ssh_keys": null,
            "status": "active",
            "tags": null,
            "urn": "do:droplet:335734844",
            "user_data": null,
            "vcpus": 2,
            "volume_ids": [],
            "vpc_uuid": "83df2d69-6935-428e-b09c-d3fd12eba740"
          },
          "sensitive_attributes": [],
          "private": "eyJzY2hlbWFfdmVyc2lvbiI6IjEifQ==",
          "dependencies": [
            "module.wordpress-backup-module.digitalocean_vpc.wp_net"
          ]
        }
      ]
    },
    {
      "module": "module.wordpress-backup-module",
      "mode": "managed",
      "type": "digitalocean_droplet",
      "name": "vm_wp_01",
      "provider": "provider[\"registry.terraform.io/digitalocean/digitalocean\"]",
      "instances": [
        {
          "schema_version": 1,
          "attributes": {
            "backups": false,
            "created_at": "2023-01-14T02:30:58Z",
            "disk": 60,
            "id": "335734846",
            "image": "ubuntu-22-04-x64",
            "ipv4_address": "134.209.164.254",
            "ipv4_address_private": "10.108.16.3",
            "ipv6": false,
            "ipv6_address": "",
            "locked": false,
            "memory": 2048,
            "monitoring": false,
            "name": "backup-machine-01",
            "price_hourly": 0.02679,
            "price_monthly": 18,
            "private_networking": true,
            "region": "nyc3",
            "resize_disk": true,
            "size": "s-2vcpu-2gb",
            "ssh_keys": null,
            "status": "active",
            "tags": null,
            "urn": "do:droplet:335734846",
            "user_data": null,
            "vcpus": 2,
            "volume_ids": [],
            "vpc_uuid": "83df2d69-6935-428e-b09c-d3fd12eba740"
          },
          "sensitive_attributes": [],
          "private": "eyJzY2hlbWFfdmVyc2lvbiI6IjEifQ==",
          "dependencies": [
            "module.wordpress-backup-module.digitalocean_vpc.wp_net"
          ]
        }
      ]
    },
    {
      "module": "module.wordpress-backup-module",
      "mode": "managed",
      "type": "digitalocean_droplet",
      "name": "vm_wp_02",
      "provider": "provider[\"registry.terraform.io/digitalocean/digitalocean\"]",
      "instances": [
        {
          "schema_version": 1,
          "attributes": {
            "backups": false,
            "created_at": "2023-01-14T02:30:59Z",
            "disk": 60,
            "id": "335734850",
            "image": "ubuntu-22-04-x64",
            "ipv4_address": "134.209.162.141",
            "ipv4_address_private": "10.108.16.4",
            "ipv6": false,
            "ipv6_address": "",
            "locked": false,
            "memory": 2048,
            "monitoring": false,
            "name": "backup-machine-01",
            "price_hourly": 0.02679,
            "price_monthly": 18,
            "private_networking": true,
            "region": "nyc3",
            "resize_disk": true,
            "size": "s-2vcpu-2gb",
            "ssh_keys": null,
            "status": "active",
            "tags": null,
            "urn": "do:droplet:335734850",
            "user_data": null,
            "vcpus": 2,
            "volume_ids": [],
            "vpc_uuid": "83df2d69-6935-428e-b09c-d3fd12eba740"
          },
          "sensitive_attributes": [],
          "private": "eyJzY2hlbWFfdmVyc2lvbiI6IjEifQ==",
          "dependencies": [
            "module.wordpress-backup-module.digitalocean_vpc.wp_net"
          ]
        }
      ]
    },
    {
      "module": "module.wordpress-backup-module",
      "mode": "managed",
      "type": "digitalocean_loadbalancer",
      "name": "wp_lb",
      "provider": "provider[\"registry.terraform.io/digitalocean/digitalocean\"]",
      "instances": [
        {
          "schema_version": 1,
          "attributes": {
            "algorithm": "round_robin",
            "droplet_ids": [
              335734846,
              335734850
            ],
            "droplet_tag": "",
            "enable_backend_keepalive": false,
            "enable_proxy_protocol": false,
            "forwarding_rule": [
              {
                "certificate_id": "",
                "certificate_name": "",
                "entry_port": 80,
                "entry_protocol": "http",
                "target_port": 80,
                "target_protocol": "http",
                "tls_passthrough": false
              }
            ],
            "healthcheck": [
              {
                "check_interval_seconds": 10,
                "healthy_threshold": 5,
                "path": "/",
                "port": 80,
                "protocol": "http",
                "response_timeout_seconds": 5,
                "unhealthy_threshold": 3
              }
            ],
            "id": "87a7a832-3f41-4b16-8d74-add61bcff7d5",
            "ip": "174.138.116.53",
            "name": "backup-loadbalancer",
            "redirect_http_to_https": false,
            "region": "nyc3",
            "status": "active",
            "sticky_sessions": [
              {
                "cookie_name": "",
                "cookie_ttl_seconds": 0,
                "type": "none"
              }
            ],
            "urn": "do:loadbalancer:87a7a832-3f41-4b16-8d74-add61bcff7d5",
            "vpc_uuid": "83df2d69-6935-428e-b09c-d3fd12eba740"
          },
          "sensitive_attributes": [],
          "private": "eyJzY2hlbWFfdmVyc2lvbiI6IjEifQ==",
          "dependencies": [
            "module.wordpress-backup-module.digitalocean_droplet.vm_wp_01",
            "module.wordpress-backup-module.digitalocean_droplet.vm_wp_02",
            "module.wordpress-backup-module.digitalocean_vpc.wp_net"
          ]
        }
      ]
    },
    {
      "module": "module.wordpress-backup-module",
      "mode": "managed",
      "type": "digitalocean_vpc",
      "name": "wp_net",
      "provider": "provider[\"registry.terraform.io/digitalocean/digitalocean\"]",
      "instances": [
        {
          "schema_version": 0,
          "attributes": {
            "created_at": "2023-01-14 02:30:58 +0000 UTC",
            "default": false,
            "description": "",
            "id": "83df2d69-6935-428e-b09c-d3fd12eba740",
            "ip_range": "10.108.16.0/20",
            "name": "network-live",
            "region": "nyc3",
            "timeouts": {
              "delete": "30m"
            },
            "urn": "do:vpc:83df2d69-6935-428e-b09c-d3fd12eba740"
          },
          "sensitive_attributes": [],
          "private": "eyJlMmJmYjczMC1lY2FhLTExZTYtOGY4OC0zNDM2M2JjN2M0YzAiOnsiZGVsZXRlIjoxODAwMDAwMDAwMDAwfX0="
        }
      ]
    },
    {
      "module": "module.wordpress-module",
      "mode": "managed",
      "type": "digitalocean_database_cluster",
      "name": "wp_mysql",
      "provider": "provider[\"registry.terraform.io/digitalocean/digitalocean\"]",
      "instances": [
        {
          "schema_version": 0,
          "attributes": {
            "database": "defaultdb",
            "engine": "mysql",
            "eviction_policy": null,
            "host": "wp-mysql-do-user-12930773-0.b.db.ondigitalocean.com",
            "id": "e3b2cbf4-602c-4d05-8c3d-be9b8bb03307",
            "maintenance_window": [],
            "name": "wp-mysql",
            "node_count": 1,
            "password": "AVNS_peqBX9CrGR3kZISbnWS",
            "port": 25060,
            "private_host": "private-wp-mysql-do-user-12930773-0.b.db.ondigitalocean.com",
            "private_network_uuid": "9f0c48da-ef58-4708-a8ac-fdcc1aec8f57",
            "private_uri": "mysql://doadmin:AVNS_peqBX9CrGR3kZISbnWS@private-wp-mysql-do-user-12930773-0.b.db.ondigitalocean.com:25060/defaultdb?ssl-mode=REQUIRED",
            "region": "nyc1",
            "size": "db-s-1vcpu-1gb",
            "sql_mode": null,
            "tags": null,
            "uri": "mysql://doadmin:AVNS_peqBX9CrGR3kZISbnWS@wp-mysql-do-user-12930773-0.b.db.ondigitalocean.com:25060/defaultdb?ssl-mode=REQUIRED",
            "urn": "do:dbaas:e3b2cbf4-602c-4d05-8c3d-be9b8bb03307",
            "user": "doadmin",
            "version": "8"
          },
          "sensitive_attributes": [],
          "private": "bnVsbA==",
          "dependencies": [
            "module.wordpress-module.digitalocean_vpc.wp_net"
          ]
        }
      ]
    },
    {
      "module": "module.wordpress-module",
      "mode": "managed",
      "type": "digitalocean_database_db",
      "name": "wp_database",
      "provider": "provider[\"registry.terraform.io/digitalocean/digitalocean\"]",
      "instances": [
        {
          "schema_version": 0,
          "attributes": {
            "cluster_id": "e3b2cbf4-602c-4d05-8c3d-be9b8bb03307",
            "id": "e3b2cbf4-602c-4d05-8c3d-be9b8bb03307/database/wp-database",
            "name": "wp-database"
          },
          "sensitive_attributes": [],
          "private": "bnVsbA==",
          "dependencies": [
            "module.wordpress-module.digitalocean_database_cluster.wp_mysql",
            "module.wordpress-module.digitalocean_vpc.wp_net"
          ]
        }
      ]
    },
    {
      "module": "module.wordpress-module",
      "mode": "managed",
      "type": "digitalocean_database_user",
      "name": "wp_database_user",
      "provider": "provider[\"registry.terraform.io/digitalocean/digitalocean\"]",
      "instances": [
        {
          "schema_version": 0,
          "attributes": {
            "cluster_id": "e3b2cbf4-602c-4d05-8c3d-be9b8bb03307",
            "id": "e3b2cbf4-602c-4d05-8c3d-be9b8bb03307/user/wordpress",
            "mysql_auth_plugin": "caching_sha2_password",
            "name": "wordpress",
            "password": "AVNS_hrojPvuPwSMdRvTPO9l",
            "role": "normal"
          },
          "sensitive_attributes": [],
          "private": "bnVsbA==",
          "dependencies": [
            "module.wordpress-module.digitalocean_database_cluster.wp_mysql",
            "module.wordpress-module.digitalocean_vpc.wp_net"
          ]
        }
      ]
    },
    {
      "module": "module.wordpress-module",
      "mode": "managed",
      "type": "digitalocean_droplet",
      "name": "vm_nfs",
      "provider": "provider[\"registry.terraform.io/digitalocean/digitalocean\"]",
      "instances": [
        {
          "schema_version": 1,
          "attributes": {
            "backups": false,
            "created_at": "2023-01-14T02:30:58Z",
            "disk": 60,
            "id": "335734848",
            "image": "ubuntu-22-04-x64",
            "ipv4_address": "146.190.216.135",
            "ipv4_address_private": "10.116.16.5",
            "ipv6": false,
            "ipv6_address": "",
            "locked": false,
            "memory": 2048,
            "monitoring": false,
            "name": "vm-nfs",
            "price_hourly": 0.02679,
            "price_monthly": 18,
            "private_networking": true,
            "region": "nyc1",
            "resize_disk": true,
            "size": "s-2vcpu-2gb",
            "ssh_keys": null,
            "status": "active",
            "tags": null,
            "urn": "do:droplet:335734848",
            "user_data": null,
            "vcpus": 2,
            "volume_ids": [],
            "vpc_uuid": "9f0c48da-ef58-4708-a8ac-fdcc1aec8f57"
          },
          "sensitive_attributes": [],
          "private": "eyJzY2hlbWFfdmVyc2lvbiI6IjEifQ==",
          "dependencies": [
            "module.wordpress-module.digitalocean_vpc.wp_net"
          ]
        }
      ]
    },
    {
      "module": "module.wordpress-module",
      "mode": "managed",
      "type": "digitalocean_droplet",
      "name": "vm_wp_01",
      "provider": "provider[\"registry.terraform.io/digitalocean/digitalocean\"]",
      "instances": [
        {
          "schema_version": 1,
          "attributes": {
            "backups": false,
            "created_at": "2023-01-14T02:30:58Z",
            "disk": 60,
            "id": "335734847",
            "image": "ubuntu-22-04-x64",
            "ipv4_address": "137.184.78.115",
            "ipv4_address_private": "10.116.16.2",
            "ipv6": false,
            "ipv6_address": "",
            "locked": false,
            "memory": 2048,
            "monitoring": false,
            "name": "vm-wp-01",
            "price_hourly": 0.02679,
            "price_monthly": 18,
            "private_networking": true,
            "region": "nyc1",
            "resize_disk": true,
            "size": "s-2vcpu-2gb",
            "ssh_keys": null,
            "status": "active",
            "tags": null,
            "urn": "do:droplet:335734847",
            "user_data": null,
            "vcpus": 2,
            "volume_ids": [],
            "vpc_uuid": "9f0c48da-ef58-4708-a8ac-fdcc1aec8f57"
          },
          "sensitive_attributes": [],
          "private": "eyJzY2hlbWFfdmVyc2lvbiI6IjEifQ==",
          "dependencies": [
            "module.wordpress-module.digitalocean_vpc.wp_net"
          ]
        }
      ]
    },
    {
      "module": "module.wordpress-module",
      "mode": "managed",
      "type": "digitalocean_droplet",
      "name": "vm_wp_02",
      "provider": "provider[\"registry.terraform.io/digitalocean/digitalocean\"]",
      "instances": [
        {
          "schema_version": 1,
          "attributes": {
            "backups": false,
            "created_at": "2023-01-14T02:30:58Z",
            "disk": 60,
            "id": "335734845",
            "image": "ubuntu-22-04-x64",
            "ipv4_address": "146.190.72.67",
            "ipv4_address_private": "10.116.16.4",
            "ipv6": false,
            "ipv6_address": "",
            "locked": false,
            "memory": 2048,
            "monitoring": false,
            "name": "vm-wp-01",
            "price_hourly": 0.02679,
            "price_monthly": 18,
            "private_networking": true,
            "region": "nyc1",
            "resize_disk": true,
            "size": "s-2vcpu-2gb",
            "ssh_keys": null,
            "status": "active",
            "tags": null,
            "urn": "do:droplet:335734845",
            "user_data": null,
            "vcpus": 2,
            "volume_ids": [],
            "vpc_uuid": "9f0c48da-ef58-4708-a8ac-fdcc1aec8f57"
          },
          "sensitive_attributes": [],
          "private": "eyJzY2hlbWFfdmVyc2lvbiI6IjEifQ==",
          "dependencies": [
            "module.wordpress-module.digitalocean_vpc.wp_net"
          ]
        }
      ]
    },
    {
      "module": "module.wordpress-module",
      "mode": "managed",
      "type": "digitalocean_loadbalancer",
      "name": "wp_lb",
      "provider": "provider[\"registry.terraform.io/digitalocean/digitalocean\"]",
      "instances": [
        {
          "schema_version": 1,
          "attributes": {
            "algorithm": "round_robin",
            "droplet_ids": [
              335734845,
              335734847
            ],
            "droplet_tag": "",
            "enable_backend_keepalive": false,
            "enable_proxy_protocol": false,
            "forwarding_rule": [
              {
                "certificate_id": "",
                "certificate_name": "",
                "entry_port": 80,
                "entry_protocol": "http",
                "target_port": 80,
                "target_protocol": "http",
                "tls_passthrough": false
              }
            ],
            "healthcheck": [
              {
                "check_interval_seconds": 10,
                "healthy_threshold": 5,
                "path": "/",
                "port": 80,
                "protocol": "http",
                "response_timeout_seconds": 5,
                "unhealthy_threshold": 3
              }
            ],
            "id": "e342e077-1916-4674-811f-b494b8a52f70",
            "ip": "164.90.253.214",
            "name": "wp-lb",
            "redirect_http_to_https": false,
            "region": "nyc1",
            "status": "active",
            "sticky_sessions": [
              {
                "cookie_name": "",
                "cookie_ttl_seconds": 0,
                "type": "none"
              }
            ],
            "urn": "do:loadbalancer:e342e077-1916-4674-811f-b494b8a52f70",
            "vpc_uuid": "9f0c48da-ef58-4708-a8ac-fdcc1aec8f57"
          },
          "sensitive_attributes": [],
          "private": "eyJzY2hlbWFfdmVyc2lvbiI6IjEifQ==",
          "dependencies": [
            "module.wordpress-module.digitalocean_droplet.vm_wp_01",
            "module.wordpress-module.digitalocean_droplet.vm_wp_02",
            "module.wordpress-module.digitalocean_vpc.wp_net"
          ]
        }
      ]
    },
    {
      "module": "module.wordpress-module",
      "mode": "managed",
      "type": "digitalocean_vpc",
      "name": "wp_net",
      "provider": "provider[\"registry.terraform.io/digitalocean/digitalocean\"]",
      "instances": [
        {
          "schema_version": 0,
          "attributes": {
            "created_at": "2023-01-14 02:30:58 +0000 UTC",
            "default": false,
            "description": "",
            "id": "9f0c48da-ef58-4708-a8ac-fdcc1aec8f57",
            "ip_range": "10.116.16.0/20",
            "name": "wp-netowrk",
            "region": "nyc1",
            "timeouts": {
              "delete": "30m"
            },
            "urn": "do:vpc:9f0c48da-ef58-4708-a8ac-fdcc1aec8f57"
          },
          "sensitive_attributes": [],
          "private": "eyJlMmJmYjczMC1lY2FhLTExZTYtOGY4OC0zNDM2M2JjN2M0YzAiOnsiZGVsZXRlIjoxODAwMDAwMDAwMDAwfX0="
        }
      ]
    }
  ],
  "check_results": null
}
